
Microsoft Visual Studio Solution File, Format Version 12.00
Project("{FAE04EC0-301F-11D3-BF4B-00C04F79EFBC}") = "test2", "test2\test2.csproj", "{9999BFF9-CEE7-4DC8-9F17-7758577008D1}"
EndProject
Global
	GlobalSection(SolutionConfigurationPlatforms) = preSolution
		Debug|Any CPU = Debug|Any CPU
		Release|Any CPU = Release|Any CPU
	EndGlobalSection
	GlobalSection(ProjectConfigurationPlatforms) = postSolution
		{9999BFF9-CEE7-4DC8-9F17-7758577008D1}.Debug|Any CPU.ActiveCfg = Debug|Any CPU
		{9999BFF9-CEE7-4DC8-9F17-7758577008D1}.Debug|Any CPU.Build.0 = Debug|Any CPU
		{9999BFF9-CEE7-4DC8-9F17-7758577008D1}.Release|Any CPU.ActiveCfg = Release|Any CPU
		{9999BFF9-CEE7-4DC8-9F17-7758577008D1}.Release|Any CPU.Build.0 = Release|Any CPU
	EndGlobalSection
EndGlobal
